
Microsoft Visual Studio Solution File, Format Version 12.00
# Visual Studio Version 16
VisualStudioVersion = 16.0.30717.126
MinimumVisualStudioVersion = 10.0.40219.1
Project("{FAE04EC0-301F-11D3-BF4B-00C04F79EFBC}") = "ConsoleApp", "ConsoleApp\ConsoleApp.csproj", "{13E0EE37-E9D9-42D6-A26A-875E0A321385}"
EndProject
Project("{FAE04EC0-301F-11D3-BF4B-00C04F79EFBC}") = "LIb1", "LIb1\LIb1.csproj", "{A9E9A455-C58E-4124-8D23-4B5DEA112657}"
EndProject
Project("{FAE04EC0-301F-11D3-BF4B-00C04F79EFBC}") = "BankLibrary", "BankLibrary\BankLibrary.csproj", "{7B7E1A26-D5A3-46C2-8AE9-DE7C915A9070}"
EndProject
Project("{FAE04EC0-301F-11D3-BF4B-00C04F79EFBC}") = "GeometryLib", "GeometryLib\GeometryLib.csproj", "{63FD8041-93ED-444C-B016-840B47E22074}"
EndProject
Project("{FAE04EC0-301F-11D3-BF4B-00C04F79EFBC}") = "GeometryLib2", "GeometryLib2\GeometryLib2.csproj", "{B99BA572-C379-4FC2-BB53-BBEF5D1F5024}"
EndProject
Project("{FAE04EC0-301F-11D3-BF4B-00C04F79EFBC}") = "WinForm", "WinForm\WinForm.csproj", "{649AB86B-C596-46A9-90DC-C3FDF6742BCD}"
EndProject
Project("{FAE04EC0-301F-11D3-BF4B-00C04F79EFBC}") = "ICWD03_MM", "ICWD03_MM\ICWD03_MM.csproj", "{2441D6EE-ABBA-4262-928A-C5ED9691DE49}"
EndProject
Project("{FAE04EC0-301F-11D3-BF4B-00C04F79EFBC}") = "LambdaTest", "LambdaTest\LambdaTest.csproj", "{827F4B44-067B-43A1-B4B7-C0DFBB6C1F37}"
EndProject
Project("{FAE04EC0-301F-11D3-BF4B-00C04F79EFBC}") = "TestLINQ", "TestLINQ\TestLINQ.csproj", "{92D1FD32-58EA-43C8-A90E-F7F08C04ECCC}"
EndProject
Project("{FAE04EC0-301F-11D3-BF4B-00C04F79EFBC}") = "TestEntityFramework", "TestEntityFramework\TestEntityFramework.csproj", "{6C470DF4-E97F-44B9-BE81-3970F8F05BFA}"
EndProject
Project("{FAE04EC0-301F-11D3-BF4B-00C04F79EFBC}") = "SchoolWinForm", "SchoolWinForm\SchoolWinForm.csproj", "{28FE8665-6FDD-4C8A-AD97-1C72DAB562BA}"
EndProject
Project("{FAE04EC0-301F-11D3-BF4B-00C04F79EFBC}") = "WebAppCore", "WebAppCore\WebAppCore.csproj", "{A364AD59-AF19-4BC0-A9BF-14EE7077C757}"
EndProject
Project("{FAE04EC0-301F-11D3-BF4B-00C04F79EFBC}") = "WebAppNetFramework", "WebAppNetFramework\WebAppNetFramework.csproj", "{2B8B0A12-F246-4FF1-8664-41EE08026932}"
EndProject
Global
	GlobalSection(SolutionConfigurationPlatforms) = preSolution
		Debug|Any CPU = Debug|Any CPU
		Release|Any CPU = Release|Any CPU
	EndGlobalSection
	GlobalSection(ProjectConfigurationPlatforms) = postSolution
		{13E0EE37-E9D9-42D6-A26A-875E0A321385}.Debug|Any CPU.ActiveCfg = Debug|Any CPU
		{13E0EE37-E9D9-42D6-A26A-875E0A321385}.Debug|Any CPU.Build.0 = Debug|Any CPU
		{13E0EE37-E9D9-42D6-A26A-875E0A321385}.Release|Any CPU.ActiveCfg = Release|Any CPU
		{13E0EE37-E9D9-42D6-A26A-875E0A321385}.Release|Any CPU.Build.0 = Release|Any CPU
		{A9E9A455-C58E-4124-8D23-4B5DEA112657}.Debug|Any CPU.ActiveCfg = Debug|Any CPU
		{A9E9A455-C58E-4124-8D23-4B5DEA112657}.Debug|Any CPU.Build.0 = Debug|Any CPU
		{A9E9A455-C58E-4124-8D23-4B5DEA112657}.Release|Any CPU.ActiveCfg = Release|Any CPU
		{A9E9A455-C58E-4124-8D23-4B5DEA112657}.Release|Any CPU.Build.0 = Release|Any CPU
		{7B7E1A26-D5A3-46C2-8AE9-DE7C915A9070}.Debug|Any CPU.ActiveCfg = Debug|Any CPU
		{7B7E1A26-D5A3-46C2-8AE9-DE7C915A9070}.Debug|Any CPU.Build.0 = Debug|Any CPU
		{7B7E1A26-D5A3-46C2-8AE9-DE7C915A9070}.Release|Any CPU.ActiveCfg = Release|Any CPU
		{7B7E1A26-D5A3-46C2-8AE9-DE7C915A9070}.Release|Any CPU.Build.0 = Release|Any CPU
		{63FD8041-93ED-444C-B016-840B47E22074}.Debug|Any CPU.ActiveCfg = Debug|Any CPU
		{63FD8041-93ED-444C-B016-840B47E22074}.Debug|Any CPU.Build.0 = Debug|Any CPU
		{63FD8041-93ED-444C-B016-840B47E22074}.Release|Any CPU.ActiveCfg = Release|Any CPU
		{63FD8041-93ED-444C-B016-840B47E22074}.Release|Any CPU.Build.0 = Release|Any CPU
		{B99BA572-C379-4FC2-BB53-BBEF5D1F5024}.Debug|Any CPU.ActiveCfg = Debug|Any CPU
		{B99BA572-C379-4FC2-BB53-BBEF5D1F5024}.Debug|Any CPU.Build.0 = Debug|Any CPU
		{B99BA572-C379-4FC2-BB53-BBEF5D1F5024}.Release|Any CPU.ActiveCfg = Release|Any CPU
		{B99BA572-C379-4FC2-BB53-BBEF5D1F5024}.Release|Any CPU.Build.0 = Release|Any CPU
		{649AB86B-C596-46A9-90DC-C3FDF6742BCD}.Debug|Any CPU.ActiveCfg = Debug|Any CPU
		{649AB86B-C596-46A9-90DC-C3FDF6742BCD}.Debug|Any CPU.Build.0 = Debug|Any CPU
		{649AB86B-C596-46A9-90DC-C3FDF6742BCD}.Release|Any CPU.ActiveCfg = Release|Any CPU
		{649AB86B-C596-46A9-90DC-C3FDF6742BCD}.Release|Any CPU.Build.0 = Release|Any CPU
		{2441D6EE-ABBA-4262-928A-C5ED9691DE49}.Debug|Any CPU.ActiveCfg = Debug|Any CPU
		{2441D6EE-ABBA-4262-928A-C5ED9691DE49}.Debug|Any CPU.Build.0 = Debug|Any CPU
		{2441D6EE-ABBA-4262-928A-C5ED9691DE49}.Release|Any CPU.ActiveCfg = Release|Any CPU
		{2441D6EE-ABBA-4262-928A-C5ED9691DE49}.Release|Any CPU.Build.0 = Release|Any CPU
		{827F4B44-067B-43A1-B4B7-C0DFBB6C1F37}.Debug|Any CPU.ActiveCfg = Debug|Any CPU
		{827F4B44-067B-43A1-B4B7-C0DFBB6C1F37}.Debug|Any CPU.Build.0 = Debug|Any CPU
		{827F4B44-067B-43A1-B4B7-C0DFBB6C1F37}.Release|Any CPU.ActiveCfg = Release|Any CPU
		{827F4B44-067B-43A1-B4B7-C0DFBB6C1F37}.Release|Any CPU.Build.0 = Release|Any CPU
		{92D1FD32-58EA-43C8-A90E-F7F08C04ECCC}.Debug|Any CPU.ActiveCfg = Debug|Any CPU
		{92D1FD32-58EA-43C8-A90E-F7F08C04ECCC}.Debug|Any CPU.Build.0 = Debug|Any CPU
		{92D1FD32-58EA-43C8-A90E-F7F08C04ECCC}.Release|Any CPU.ActiveCfg = Release|Any CPU
		{92D1FD32-58EA-43C8-A90E-F7F08C04ECCC}.Release|Any CPU.Build.0 = Release|Any CPU
		{6C470DF4-E97F-44B9-BE81-3970F8F05BFA}.Debug|Any CPU.ActiveCfg = Debug|Any CPU
		{6C470DF4-E97F-44B9-BE81-3970F8F05BFA}.Debug|Any CPU.Build.0 = Debug|Any CPU
		{6C470DF4-E97F-44B9-BE81-3970F8F05BFA}.Release|Any CPU.ActiveCfg = Release|Any CPU
		{6C470DF4-E97F-44B9-BE81-3970F8F05BFA}.Release|Any CPU.Build.0 = Release|Any CPU
		{28FE8665-6FDD-4C8A-AD97-1C72DAB562BA}.Debug|Any CPU.ActiveCfg = Debug|Any CPU
		{28FE8665-6FDD-4C8A-AD97-1C72DAB562BA}.Debug|Any CPU.Build.0 = Debug|Any CPU
		{28FE8665-6FDD-4C8A-AD97-1C72DAB562BA}.Release|Any CPU.ActiveCfg = Release|Any CPU
		{28FE8665-6FDD-4C8A-AD97-1C72DAB562BA}.Release|Any CPU.Build.0 = Release|Any CPU
		{A364AD59-AF19-4BC0-A9BF-14EE7077C757}.Debug|Any CPU.ActiveCfg = Debug|Any CPU
		{A364AD59-AF19-4BC0-A9BF-14EE7077C757}.Debug|Any CPU.Build.0 = Debug|Any CPU
		{A364AD59-AF19-4BC0-A9BF-14EE7077C757}.Release|Any CPU.ActiveCfg = Release|Any CPU
		{A364AD59-AF19-4BC0-A9BF-14EE7077C757}.Release|Any CPU.Build.0 = Release|Any CPU
		{2B8B0A12-F246-4FF1-8664-41EE08026932}.Debug|Any CPU.ActiveCfg = Debug|Any CPU
		{2B8B0A12-F246-4FF1-8664-41EE08026932}.Debug|Any CPU.Build.0 = Debug|Any CPU
		{2B8B0A12-F246-4FF1-8664-41EE08026932}.Release|Any CPU.ActiveCfg = Release|Any CPU
		{2B8B0A12-F246-4FF1-8664-41EE08026932}.Release|Any CPU.Build.0 = Release|Any CPU
	EndGlobalSection
	GlobalSection(SolutionProperties) = preSolution
		HideSolutionNode = FALSE
	EndGlobalSection
	GlobalSection(ExtensibilityGlobals) = postSolution
		SolutionGuid = {ED159CC4-F0C5-4746-987B-02340E08302F}
	EndGlobalSection
EndGlobal
